
Microsoft Visual Studio Solution File, Format Version 12.00
# Visual Studio Version 16
VisualStudioVersion = 16.0.30621.155
MinimumVisualStudioVersion = 10.0.40219.1
Project("{E24C65DC-7377-472B-9ABA-BC803B73C61A}") = "src", "CustomerEditor.Client\VueJSApp\src\", "{32611A58-0EC9-4FA2-9246-238248F14F89}"
	ProjectSection(WebsiteProperties) = preProject
		TargetFrameworkMoniker = ".NETFramework,Version%3Dv4.0"
		Debug.AspNetCompiler.VirtualPath = "/localhost_61741"
		Debug.AspNetCompiler.PhysicalPath = "CustomerEditor.Client\VueJSApp\src\"
		Debug.AspNetCompiler.TargetPath = "PrecompiledWeb\localhost_61741\"
		Debug.AspNetCompiler.Updateable = "true"
		Debug.AspNetCompiler.ForceOverwrite = "true"
		Debug.AspNetCompiler.FixedNames = "false"
		Debug.AspNetCompiler.Debug = "True"
		Release.AspNetCompiler.VirtualPath = "/localhost_61741"
		Release.AspNetCompiler.PhysicalPath = "CustomerEditor.Client\VueJSApp\src\"
		Release.AspNetCompiler.TargetPath = "PrecompiledWeb\localhost_61741\"
		Release.AspNetCompiler.Updateable = "true"
		Release.AspNetCompiler.ForceOverwrite = "true"
		Release.AspNetCompiler.FixedNames = "false"
		Release.AspNetCompiler.Debug = "False"
		VWDPort = "61741"
		SlnRelativePath = "CustomerEditor.Client\VueJSApp\src\"
	EndProjectSection
EndProject
Project("{FAE04EC0-301F-11D3-BF4B-00C04F79EFBC}") = "CustomerEditor.API", "CustomerEditor.API\CustomerEditor.API\CustomerEditor.API.csproj", "{9D3C8F00-FEDD-405D-9197-FF5956DC678C}"
EndProject
Project("{FAE04EC0-301F-11D3-BF4B-00C04F79EFBC}") = "CustomerEditor.Data", "CustomerEditor.Data\CustomerEditor.Data\CustomerEditor.Data.csproj", "{DC177D98-F1CA-4AB4-9B5B-9852A4385150}"
EndProject
Global
	GlobalSection(SolutionConfigurationPlatforms) = preSolution
		Debug|Any CPU = Debug|Any CPU
		Release|Any CPU = Release|Any CPU
	EndGlobalSection
	GlobalSection(ProjectConfigurationPlatforms) = postSolution
		{32611A58-0EC9-4FA2-9246-238248F14F89}.Debug|Any CPU.ActiveCfg = Debug|Any CPU
		{32611A58-0EC9-4FA2-9246-238248F14F89}.Debug|Any CPU.Build.0 = Debug|Any CPU
		{32611A58-0EC9-4FA2-9246-238248F14F89}.Release|Any CPU.ActiveCfg = Debug|Any CPU
		{32611A58-0EC9-4FA2-9246-238248F14F89}.Release|Any CPU.Build.0 = Debug|Any CPU
		{9D3C8F00-FEDD-405D-9197-FF5956DC678C}.Debug|Any CPU.ActiveCfg = Debug|Any CPU
		{9D3C8F00-FEDD-405D-9197-FF5956DC678C}.Debug|Any CPU.Build.0 = Debug|Any CPU
		{9D3C8F00-FEDD-405D-9197-FF5956DC678C}.Release|Any CPU.ActiveCfg = Release|Any CPU
		{9D3C8F00-FEDD-405D-9197-FF5956DC678C}.Release|Any CPU.Build.0 = Release|Any CPU
		{DC177D98-F1CA-4AB4-9B5B-9852A4385150}.Debug|Any CPU.ActiveCfg = Debug|Any CPU
		{DC177D98-F1CA-4AB4-9B5B-9852A4385150}.Debug|Any CPU.Build.0 = Debug|Any CPU
		{DC177D98-F1CA-4AB4-9B5B-9852A4385150}.Release|Any CPU.ActiveCfg = Release|Any CPU
		{DC177D98-F1CA-4AB4-9B5B-9852A4385150}.Release|Any CPU.Build.0 = Release|Any CPU
	EndGlobalSection
	GlobalSection(SolutionProperties) = preSolution
		HideSolutionNode = FALSE
	EndGlobalSection
	GlobalSection(ExtensibilityGlobals) = postSolution
		SolutionGuid = {0AB5934D-B931-43B4-BB30-41F3AE504861}
	EndGlobalSection
EndGlobal
